{
  "name": "2bitvideoprocessor",
  "version": "1.0.0",
  "lockfileVersion": 1,
  "requires": true,
  "dependencies": {
    "@babel/runtime": {
      "version": "7.22.6",
      "resolved": "https://registry.npmjs.org/@babel/runtime/-/runtime-7.22.6.tgz",
      "integrity": "sha512-wDb5pWm4WDdF6LFUde3Jl8WzPA+3ZbxYqkC6xAXuD3irdEHN1k0NfTRrJD8ZD378SJ61miMLCqIOXYhd8x+AJQ==",
      "requires": {
        "regenerator-runtime": "^0.13.11"
      }
    },
    "@swiftcarrot/color-fns": {
      "version": "3.2.0",
      "resolved": "https://registry.npmjs.org/@swiftcarrot/color-fns/-/color-fns-3.2.0.tgz",
      "integrity": "sha512-6SCpc4LwmGGqWHpBY9WaBzJwPF4nfgvFfejOX7Ub0kTehJysFkLUAvGID8zEx39n0pGlfr9pTiQE/7/buC7X5w==",
      "requires": {
        "@babel/runtime": "^7.10.3"
      }
    },
    "@types/pako": {
      "version": "1.0.4",
      "resolved": "https://registry.npmjs.org/@types/pako/-/pako-1.0.4.tgz",
      "integrity": "sha512-Z+5bJSm28EXBSUJEgx29ioWeEEHUh6TiMkZHDhLwjc9wVFH+ressbkmX6waUZc5R3Gobn4Qu5llGxaoflZ+yhA=="
    },
    "ansi-styles": {
      "version": "3.2.1",
      "resolved": "https://registry.npmjs.org/ansi-styles/-/ansi-styles-3.2.1.tgz",
      "integrity": "sha512-VT0ZI6kZRdTh8YyJw3SMbYm/u+NqfsAxEpWO0Pf9sq8/e94WxxOpPKx9FR1FlyCtOVDNOQ+8ntlqFxiRc+r5qA==",
      "requires": {
        "color-convert": "^1.9.0"
      }
    },
    "args": {
      "version": "5.0.1",
      "resolved": "https://registry.npmjs.org/args/-/args-5.0.1.tgz",
      "integrity": "sha512-1kqmFCFsPffavQFGt8OxJdIcETti99kySRUPMpOhaGjL6mRJn8HFU1OxKY5bMqfZKUwTQc1mZkAjmGYaVOHFtQ==",
      "requires": {
        "camelcase": "5.0.0",
        "chalk": "2.4.2",
        "leven": "2.1.0",
        "mri": "1.1.4"
      }
    },
    "blob-util": {
      "version": "2.0.2",
      "resolved": "https://registry.npmjs.org/blob-util/-/blob-util-2.0.2.tgz",
      "integrity": "sha512-T7JQa+zsXXEa6/8ZhHcQEW1UFfVM49Ts65uBkFL6fz2QmrElqmbajIDJvuA0tEhRe5eIjpV9ZF+0RfZR9voJFQ=="
    },
    "camelcase": {
      "version": "5.0.0",
      "resolved": "https://registry.npmjs.org/camelcase/-/camelcase-5.0.0.tgz",
      "integrity": "sha512-faqwZqnWxbxn+F1d399ygeamQNy3lPp/H9H6rNrqYh4FSVCtcY+3cub1MxA8o9mDd55mM8Aghuu/kuyYA6VTsA=="
    },
    "canny-edge-detector": {
      "version": "1.0.0",
      "resolved": "https://registry.npmjs.org/canny-edge-detector/-/canny-edge-detector-1.0.0.tgz",
      "integrity": "sha512-SpewmkHDE1PbJ1/AVAcpvZKOufYpUXT0euMvhb5C4Q83Q9XEOmSXC+yR7jl3F4Ae1Ev6OtQKbFgdcPrOdHjzQg=="
    },
    "chalk": {
      "version": "2.4.2",
      "resolved": "https://registry.npmjs.org/chalk/-/chalk-2.4.2.tgz",
      "integrity": "sha512-Mti+f9lpJNcwF4tWV8/OrTTtF1gZi+f8FqlyAdouralcFWFQWF2+NgCHShjkCb+IFBLq9buZwE1xckQU4peSuQ==",
      "requires": {
        "ansi-styles": "^3.2.1",
        "escape-string-regexp": "^1.0.5",
        "supports-color": "^5.3.0"
      }
    },
    "color-convert": {
      "version": "1.9.3",
      "resolved": "https://registry.npmjs.org/color-convert/-/color-convert-1.9.3.tgz",
      "integrity": "sha512-QfAUtd+vFdAtFQcC8CCyYt1fYWxSqAiK2cSD6zDB8N3cpsEBAvRxp9zOGg6G/SHHJYAT88/az/IuDGALsNVbGg==",
      "requires": {
        "color-name": "1.1.3"
      }
    },
    "color-name": {
      "version": "1.1.3",
      "resolved": "https://registry.npmjs.org/color-name/-/color-name-1.1.3.tgz",
      "integrity": "sha1-p9BVi9icQveV3UIyj3QIMcpTvCU="
    },
    "escape-string-regexp": {
      "version": "1.0.5",
      "resolved": "https://registry.npmjs.org/escape-string-regexp/-/escape-string-regexp-1.0.5.tgz",
      "integrity": "sha1-G2HAViGQqN/2rjuyzwIAyhMLhtQ="
    },
    "fast-bmp": {
      "version": "2.0.1",
      "resolved": "https://registry.npmjs.org/fast-bmp/-/fast-bmp-2.0.1.tgz",
      "integrity": "sha512-MOSG2rHYJCjIfL3/Llseuj39yl5U3d3XLtWFLFm5ZSTublGEXyvNcwi4Npyv6nzDPRSbAP53rvVRUswgftWCcQ==",
      "requires": {
        "iobuffer": "^5.1.0"
      }
    },
    "fast-jpeg": {
      "version": "1.0.1",
      "resolved": "https://registry.npmjs.org/fast-jpeg/-/fast-jpeg-1.0.1.tgz",
      "integrity": "sha512-nyoYDzmdxgLOBfEhJGwYRsRLqGKziG/wic0SMct17dTVHkseTPvNwHCfihE47tcpGA1cTJO2MNsYYHezmkuA6w==",
      "requires": {
        "iobuffer": "^2.1.0",
        "tiff": "^2.0.0"
      },
      "dependencies": {
        "iobuffer": {
          "version": "2.1.0",
          "resolved": "https://registry.npmjs.org/iobuffer/-/iobuffer-2.1.0.tgz",
          "integrity": "sha512-0XZfU0STJ6NVHBZdMRPjF7jtkDEC5f4AxM/n5DSZOu11SQ+7tAl1csuEnEPoSPYWdaGZ/HOfn5Q837IEHddL2w=="
        },
        "tiff": {
          "version": "2.1.0",
          "resolved": "https://registry.npmjs.org/tiff/-/tiff-2.1.0.tgz",
          "integrity": "sha512-Q4zLT4+Csn/ZhFVacYCAl+w/1J51NW/m2y2yx7Qxp/bsHYOEsK7+5JOID2kfk+EvsaF0LbA6ccAkqiuXOmAbYw==",
          "requires": {
            "iobuffer": "^2.1.0"
          }
        }
      }
    },
    "fast-list": {
      "version": "1.0.3",
      "resolved": "https://registry.npmjs.org/fast-list/-/fast-list-1.0.3.tgz",
      "integrity": "sha512-Lm56Ci3EqefHNdIneRFuzhpPcpVVBz9fgqVmG3UQIxAefJv1mEYsZ1WQLTWqmdqeGEwbI2t6fbZgp9TqTYARuA=="
    },
    "fast-png": {
      "version": "6.1.0",
      "resolved": "https://registry.npmjs.org/fast-png/-/fast-png-6.1.0.tgz",
      "integrity": "sha512-v8e/40RKZbE1mALigoqBOkYnemCVSMmVlGSz8fawZAZg5UQ9OZeR00L++CPvrhIGm2F6TxV5u9lbWD0oOJHcCw==",
      "requires": {
        "@types/pako": "^1.0.2",
        "iobuffer": "^5.0.4",
        "pako": "^2.0.4"
      }
    },
    "fft.js": {
      "version": "4.0.4",
      "resolved": "https://registry.npmjs.org/fft.js/-/fft.js-4.0.4.tgz",
      "integrity": "sha512-f9c00hphOgeQTlDyavwTtu6RiK8AIFjD6+jvXkNkpeQ7rirK3uFWVpalkoS4LAwbdX7mfZ8aoBfFVQX1Re/8aw=="
    },
    "file-type": {
      "version": "10.11.0",
      "resolved": "https://registry.npmjs.org/file-type/-/file-type-10.11.0.tgz",
      "integrity": "sha512-uzk64HRpUZyTGZtVuvrjP0FYxzQrBf4rojot6J65YMEbwBLB0CWm0CLojVpwpmFmxcE/lkvYICgfcGozbBq6rw=="
    },
    "has-flag": {
      "version": "3.0.0",
      "resolved": "https://registry.npmjs.org/has-flag/-/has-flag-3.0.0.tgz",
      "integrity": "sha1-tdRU3CGZriJWmfNGfloH87lVuv0="
    },
    "has-own": {
      "version": "1.0.1",
      "resolved": "https://registry.npmjs.org/has-own/-/has-own-1.0.1.tgz",
      "integrity": "sha512-RDKhzgQTQfMaLvIFhjahU+2gGnRBK6dYOd5Gd9BzkmnBneOCRYjRC003RIMrdAbH52+l+CnMS4bBCXGer8tEhg=="
    },
    "image-js": {
      "version": "0.35.4",
      "resolved": "https://registry.npmjs.org/image-js/-/image-js-0.35.4.tgz",
      "integrity": "sha512-DI0O6PPrBv0nY/+ON/VluS3rkqyOiOAUGfmsX5OdKN5a0yLaX4iFPQvWKrqSLBZAs6QJMemgJcl4D+KgwBxPiw==",
      "requires": {
        "@swiftcarrot/color-fns": "^3.2.0",
        "blob-util": "^2.0.2",
        "canny-edge-detector": "^1.0.0",
        "fast-bmp": "^2.0.1",
        "fast-jpeg": "^1.0.1",
        "fast-list": "^1.0.3",
        "fast-png": "^6.1.0",
        "has-own": "^1.0.1",
        "image-type": "^4.1.0",
        "is-array-type": "^1.0.0",
        "is-integer": "^1.0.7",
        "jpeg-js": "^0.4.3",
        "js-priority-queue": "^0.1.5",
        "js-quantities": "^1.7.6",
        "median-quickselect": "^1.0.1",
        "ml-convolution": "0.2.0",
        "ml-disjoint-set": "^1.0.0",
        "ml-matrix": "^6.8.0",
        "ml-matrix-convolution": "0.4.3",
        "ml-regression": "^5.0.0",
        "monotone-chain-convex-hull": "^1.0.0",
        "new-array": "^1.0.0",
        "robust-point-in-polygon": "^1.0.3",
        "tiff": "^5.0.2",
        "web-worker-manager": "^0.2.0"
      }
    },
    "image-type": {
      "version": "4.1.0",
      "resolved": "https://registry.npmjs.org/image-type/-/image-type-4.1.0.tgz",
      "integrity": "sha512-CFJMJ8QK8lJvRlTCEgarL4ro6hfDQKif2HjSvYCdQZESaIPV4v9imrf7BQHK+sQeTeNeMpWciR9hyC/g8ybXEg==",
      "requires": {
        "file-type": "^10.10.0"
      }
    },
    "iobuffer": {
      "version": "5.3.2",
      "resolved": "https://registry.npmjs.org/iobuffer/-/iobuffer-5.3.2.tgz",
      "integrity": "sha512-kO3CjNfLZ9t+tHxAMd+Xk4v3D/31E91rMs1dHrm7ikEQrlZ8mLDbQ4z3tZfDM48zOkReas2jx8MWSAmN9+c8Fw=="
    },
    "is-any-array": {
      "version": "2.0.1",
      "resolved": "https://registry.npmjs.org/is-any-array/-/is-any-array-2.0.1.tgz",
      "integrity": "sha512-UtilS7hLRu++wb/WBAw9bNuP1Eg04Ivn1vERJck8zJthEvXCBEBpGR/33u/xLKWEQf95803oalHrVDptcAvFdQ=="
    },
    "is-array-type": {
      "version": "1.0.0",
      "resolved": "https://registry.npmjs.org/is-array-type/-/is-array-type-1.0.0.tgz",
      "integrity": "sha512-LLwKQdMAO/XUkq4XTed1VYqwR2OahiwkBg+yUtZT88LXX4MLXP28qGsVfSNVP8X0wc7fzDhcZD3nns/IK8UfKw=="
    },
    "is-finite": {
      "version": "1.1.0",
      "resolved": "https://registry.npmjs.org/is-finite/-/is-finite-1.1.0.tgz",
      "integrity": "sha512-cdyMtqX/BOqqNBBiKlIVkytNHm49MtMlYyn1zxzvJKWmFMlGzm+ry5BBfYyeY9YmNKbRSo/o7OX9w9ale0wg3w=="
    },
    "is-integer": {
      "version": "1.0.7",
      "resolved": "https://registry.npmjs.org/is-integer/-/is-integer-1.0.7.tgz",
      "integrity": "sha512-RPQc/s9yBHSvpi+hs9dYiJ2cuFeU6x3TyyIp8O2H6SKEltIvJOzRj9ToyvcStDvPR/pS4rxgr1oBFajQjZ2Szg==",
      "requires": {
        "is-finite": "^1.0.0"
      }
    },
    "jpeg-js": {
      "version": "0.4.4",
      "resolved": "https://registry.npmjs.org/jpeg-js/-/jpeg-js-0.4.4.tgz",
      "integrity": "sha512-WZzeDOEtTOBK4Mdsar0IqEU5sMr3vSV2RqkAIzUEV2BHnUfKGyswWFPFwK5EeDo93K3FohSHbLAjj0s1Wzd+dg=="
    },
    "js-priority-queue": {
      "version": "0.1.5",
      "resolved": "https://registry.npmjs.org/js-priority-queue/-/js-priority-queue-0.1.5.tgz",
      "integrity": "sha512-2dPmJT4GbXUpob7AZDR1wFMKz3Biy6oW69mwt5PTtdeoOgDin1i0p5gUV9k0LFeUxDpwkfr+JGMZDpcprjiY5w=="
    },
    "js-quantities": {
      "version": "1.7.6",
      "resolved": "https://registry.npmjs.org/js-quantities/-/js-quantities-1.7.6.tgz",
      "integrity": "sha512-h6TH1xK1u/zdjD26M6kKVthZONJSDTIRzrohbqOILfJAyanWHGlJLWuAWkSMtqi8k/IxshStsc97Pkf8SL9yvA=="
    },
    "leven": {
      "version": "2.1.0",
      "resolved": "https://registry.npmjs.org/leven/-/leven-2.1.0.tgz",
      "integrity": "sha1-wuep93IJTe6dNCAq6KzORoeHVYA="
    },
    "median-quickselect": {
      "version": "1.0.1",
      "resolved": "https://registry.npmjs.org/median-quickselect/-/median-quickselect-1.0.1.tgz",
      "integrity": "sha512-/QL9ptNuLsdA68qO+2o10TKCyu621zwwTFdLvtu8rzRNKsn8zvuGoq/vDxECPyELFG8wu+BpyoMR9BnsJqfVZQ=="
    },
    "ml-array-max": {
      "version": "1.2.4",
      "resolved": "https://registry.npmjs.org/ml-array-max/-/ml-array-max-1.2.4.tgz",
      "integrity": "sha512-BlEeg80jI0tW6WaPyGxf5Sa4sqvcyY6lbSn5Vcv44lp1I2GR6AWojfUvLnGTNsIXrZ8uqWmo8VcG1WpkI2ONMQ==",
      "requires": {
        "is-any-array": "^2.0.0"
      }
    },
    "ml-array-median": {
      "version": "1.1.6",
      "resolved": "https://registry.npmjs.org/ml-array-median/-/ml-array-median-1.1.6.tgz",
      "integrity": "sha512-V6bV6bTPFRX8v5CaAx/7fuRXC39LLTHfPSVZZafdNaqNz2PFL5zEA7gesjv8dMXh+gwPeUMtB5QPovlTBaa4sw==",
      "requires": {
        "is-any-array": "^2.0.0",
        "median-quickselect": "^1.0.1"
      }
    },
    "ml-array-min": {
      "version": "1.2.3",
      "resolved": "https://registry.npmjs.org/ml-array-min/-/ml-array-min-1.2.3.tgz",
      "integrity": "sha512-VcZ5f3VZ1iihtrGvgfh/q0XlMobG6GQ8FsNyQXD3T+IlstDv85g8kfV0xUG1QPRO/t21aukaJowDzMTc7j5V6Q==",
      "requires": {
        "is-any-array": "^2.0.0"
      }
    },
    "ml-array-rescale": {
      "version": "1.3.7",
      "resolved": "https://registry.npmjs.org/ml-array-rescale/-/ml-array-rescale-1.3.7.tgz",
      "integrity": "sha512-48NGChTouvEo9KBctDfHC3udWnQKNKEWN0ziELvY3KG25GR5cA8K8wNVzracsqSW1QEkAXjTNx+ycgAv06/1mQ==",
      "requires": {
        "is-any-array": "^2.0.0",
        "ml-array-max": "^1.2.4",
        "ml-array-min": "^1.2.3"
      }
    },
    "ml-convolution": {
      "version": "0.2.0",
      "resolved": "https://registry.npmjs.org/ml-convolution/-/ml-convolution-0.2.0.tgz",
      "integrity": "sha512-km5f81jFVnEWG0eFEKAwt00X3xGUIAcUqZZlUk+w0q2sZOz1vkEYhIKOXAlmaEi9rnrTknxW//Ttm399zPzDPg==",
      "requires": {
        "fft.js": "^4.0.3",
        "next-power-of-two": "^1.0.0"
      }
    },
    "ml-disjoint-set": {
      "version": "1.0.0",
      "resolved": "https://registry.npmjs.org/ml-disjoint-set/-/ml-disjoint-set-1.0.0.tgz",
      "integrity": "sha512-UcEzgvRzVhsKpT66syfdhaK8R+av6GxDFmU37t+6WClT/kHDIN6OMRfO7OPwQIV8+L8FSc2E6lNKpvdqf6OgLw=="
    },
    "ml-distance-euclidean": {
      "version": "2.0.0",
      "resolved": "https://registry.npmjs.org/ml-distance-euclidean/-/ml-distance-euclidean-2.0.0.tgz",
      "integrity": "sha512-yC9/2o8QF0A3m/0IXqCTXCzz2pNEzvmcE/9HFKOZGnTjatvBbsn4lWYJkxENkA4Ug2fnYl7PXQxnPi21sgMy/Q=="
    },
    "ml-fft": {
      "version": "1.3.5",
      "resolved": "https://registry.npmjs.org/ml-fft/-/ml-fft-1.3.5.tgz",
      "integrity": "sha512-laAATDyUuWPbIlX57thIds41wqFLsB+Zl7i1yrLRo/4CFg+hFaF9Xle8InblQseyiaVtt1KSlDG+6lgUMPOj3g=="
    },
    "ml-kernel": {
      "version": "3.0.0",
      "resolved": "https://registry.npmjs.org/ml-kernel/-/ml-kernel-3.0.0.tgz",
      "integrity": "sha512-R+ZR0Kl5xJ7vnxtlDqjZ26xVk7mAw7ctK4NlzRHviBFXxp7keC9+hWirMOdzi2DOQA0t6CaRwjElZ6SdirOmow==",
      "requires": {
        "ml-distance-euclidean": "^2.0.0",
        "ml-kernel-gaussian": "^2.0.2",
        "ml-kernel-polynomial": "^2.0.1",
        "ml-kernel-sigmoid": "^1.0.1",
        "ml-matrix": "^6.1.2"
      }
    },
    "ml-kernel-gaussian": {
      "version": "2.0.2",
      "resolved": "https://registry.npmjs.org/ml-kernel-gaussian/-/ml-kernel-gaussian-2.0.2.tgz",
      "integrity": "sha512-5MBrH2g9MBO53I6mcyXvMhyOLsmO2w21+26A1ZV/vYoxqpsov2PWkT8bhdFCEe0kgDupmAb6u81iOID/rhnarA==",
      "requires": {
        "ml-distance-euclidean": "^2.0.0"
      }
    },
    "ml-kernel-polynomial": {
      "version": "2.0.1",
      "resolved": "https://registry.npmjs.org/ml-kernel-polynomial/-/ml-kernel-polynomial-2.0.1.tgz",
      "integrity": "sha512-aGDNRPHDiKeJmBxB0L9wTxKNLfp5JytbdRIo5K+FTcmFjkWDe3YZPo6R6wBB5mxaJ5eqTRawzeV4RoIWHbakyQ=="
    },
    "ml-kernel-sigmoid": {
      "version": "1.0.1",
      "resolved": "https://registry.npmjs.org/ml-kernel-sigmoid/-/ml-kernel-sigmoid-1.0.1.tgz",
      "integrity": "sha512-mSbYOSbNQ7GsUAGrHuUHNsLgM3bZGpXkotw/FBdKZD9YMXfVOgQb1LvvvVeSlOR/ZdmX23qqaV0RnKSYWBF8og=="
    },
    "ml-matrix": {
      "version": "6.10.4",
      "resolved": "https://registry.npmjs.org/ml-matrix/-/ml-matrix-6.10.4.tgz",
      "integrity": "sha512-rUyEhfNPzqFsltYwvjNeYQXlYEaVea3KgzcJKJteQUj2WVAGFx9fLNRjtMR9mg2B6bd5buxlmkZmxM4hmO+SKg==",
      "requires": {
        "is-any-array": "^2.0.0",
        "ml-array-rescale": "^1.3.7"
      }
    },
    "ml-matrix-convolution": {
      "version": "0.4.3",
      "resolved": "https://registry.npmjs.org/ml-matrix-convolution/-/ml-matrix-convolution-0.4.3.tgz",
      "integrity": "sha512-B4AATOjxDw4J0oVcoeYHsXrhMr31x9SWhVKZjWucDU+brwXLR0enMdqb1OuRy/REdpL5/iSshA46sS2B1dO2OQ==",
      "requires": {
        "ml-fft": "1.3.5",
        "ml-stat": "^1.2.0"
      }
    },
    "ml-regression": {
      "version": "5.0.0",
      "resolved": "https://registry.npmjs.org/ml-regression/-/ml-regression-5.0.0.tgz",
      "integrity": "sha512-mBn0LpfEWV3Dk0dj+8PRNUqIHvO87rUY0PmCUTYv3MKfECx7TtlKyeacJeOBLZ4YAVixX8U5hn4HwRL6TpTYaw==",
      "requires": {
        "ml-kernel": "^3.0.0",
        "ml-matrix": "^6.1.2",
        "ml-regression-base": "^2.0.1",
        "ml-regression-exponential": "^2.0.0",
        "ml-regression-multivariate-linear": "^2.0.2",
        "ml-regression-polynomial": "^2.0.0",
        "ml-regression-power": "^2.0.0",
        "ml-regression-robust-polynomial": "^2.0.0",
        "ml-regression-simple-linear": "^2.0.2",
        "ml-regression-theil-sen": "^2.0.0"
      }
    },
    "ml-regression-base": {
      "version": "2.1.6",
      "resolved": "https://registry.npmjs.org/ml-regression-base/-/ml-regression-base-2.1.6.tgz",
      "integrity": "sha512-yTckvEc8szc6VrUTJSgAClShvCoPZdNt8pmyRe8aGsIWGjg6bYFotp9mDUwAB0snvKAbQWd6A4trL/PDCASLug==",
      "requires": {
        "is-any-array": "^2.0.0"
      }
    },
    "ml-regression-exponential": {
      "version": "2.1.0",
      "resolved": "https://registry.npmjs.org/ml-regression-exponential/-/ml-regression-exponential-2.1.0.tgz",
      "integrity": "sha512-6ZgGbzIkXnONfGGUU0LjIb9qb35WzVqdAFSX8vFr8UEhgXhfgEws9pGrBJu19VBEh7ZTtttcPObI3aoBscq4Kg==",
      "requires": {
        "ml-regression-base": "^2.1.3",
        "ml-regression-simple-linear": "^2.0.3"
      }
    },
    "ml-regression-multivariate-linear": {
      "version": "2.0.4",
      "resolved": "https://registry.npmjs.org/ml-regression-multivariate-linear/-/ml-regression-multivariate-linear-2.0.4.tgz",
      "integrity": "sha512-/vShPAlP+mB7P2mC5TuXwObSJNl/UBI71/bszt9ilTg6yLKy6btDLpAYyJNa6t+JnL5a7q+Yy4dCltfpvqXRIw==",
      "requires": {
        "ml-matrix": "^6.10.1"
      }
    },
    "ml-regression-polynomial": {
      "version": "2.2.0",
      "resolved": "https://registry.npmjs.org/ml-regression-polynomial/-/ml-regression-polynomial-2.2.0.tgz",
      "integrity": "sha512-WxFsEmi6oLxgq9TeaVoAA+vVUJFp1kGarX6WWClR8OmlanoIW5iLMnaeXfQcYuH8xNq4R1Cax2N9hYYmeWWkLg==",
      "requires": {
        "ml-matrix": "^6.8.0",
        "ml-regression-base": "^2.1.3"
      }
    },
    "ml-regression-power": {
      "version": "2.0.0",
      "resolved": "https://registry.npmjs.org/ml-regression-power/-/ml-regression-power-2.0.0.tgz",
      "integrity": "sha512-u8O9Fy45+OeYm/4ZBcNDn5w3w+MHc6kZz/AWSJIwmJcyjz6PRkTZnNfgGYdVKwKKDlAOS7G/AFvMKSTWRNO4RQ==",
      "requires": {
        "ml-regression-base": "^2.0.1",
        "ml-regression-simple-linear": "^2.0.2"
      }
    },
    "ml-regression-robust-polynomial": {
      "version": "2.0.1",
      "resolved": "https://registry.npmjs.org/ml-regression-robust-polynomial/-/ml-regression-robust-polynomial-2.0.1.tgz",
      "integrity": "sha512-WkxA224Cil1G3Ug/T1O8H/2IDADlca21oC5WDplcM+gQRTqtueT/Su4ubH70tG6s79XHM046HfO8xQSpDQxqqg==",
      "requires": {
        "ml-matrix": "^6.8.0",
        "ml-regression-base": "^2.1.3"
      }
    },
    "ml-regression-simple-linear": {
      "version": "2.0.3",
      "resolved": "https://registry.npmjs.org/ml-regression-simple-linear/-/ml-regression-simple-linear-2.0.3.tgz",
      "integrity": "sha512-xcLviI0Gqs0TXE5+QsPLbJm372RyZsX6xmsufez3Dz6vq/r10+KyOJ8JvUimhryKvPaZQvx6BTnzAfQbj/IeLQ==",
      "requires": {
        "ml-regression-base": "^2.0.1"
      }
    },
    "ml-regression-theil-sen": {
      "version": "2.0.0",
      "resolved": "https://registry.npmjs.org/ml-regression-theil-sen/-/ml-regression-theil-sen-2.0.0.tgz",
      "integrity": "sha512-RO//tYzo69XbWDO5LIPdGp8ef1MSTPPJY0bXNlmOLMSay7YR9FQqtNgqn29T9DSYTa863VAafRlCeXwDQNXkBw==",
      "requires": {
        "ml-array-median": "^1.1.1",
        "ml-regression-base": "^2.0.1"
      }
    },
    "ml-stat": {
      "version": "1.3.3",
      "resolved": "https://registry.npmjs.org/ml-stat/-/ml-stat-1.3.3.tgz",
      "integrity": "sha512-F6plydFIKFZA+7j/pRsRrfRu4nwsruQvYD9QxHWc4hFUdASVznsKUL2hgAwgMVizY/P0+b1L9bVQexKES5y/uw=="
    },
    "monotone-chain-convex-hull": {
      "version": "1.1.0",
      "resolved": "https://registry.npmjs.org/monotone-chain-convex-hull/-/monotone-chain-convex-hull-1.1.0.tgz",
      "integrity": "sha512-iZGaoO2qtqIWaAfscTtsH2LolE06U4JzTw8AgtjT/yzYIA0aoAHDdwBtsesnQXfVRvS375Wu0Y1+FqdI5Y22GA=="
    },
    "mri": {
      "version": "1.1.4",
      "resolved": "https://registry.npmjs.org/mri/-/mri-1.1.4.tgz",
      "integrity": "sha512-6y7IjGPm8AzlvoUrwAaw1tLnUBudaS3752vcd8JtrpGGQn+rXIe63LFVHm/YMwtqAuh+LJPCFdlLYPWM1nYn6w=="
    },
    "natural-sort": {
      "version": "1.0.0",
      "resolved": "https://registry.npmjs.org/natural-sort/-/natural-sort-1.0.0.tgz",
      "integrity": "sha1-6sMB/YbCaKdxIixi3HcZQCqjQ4A="
    },
    "new-array": {
      "version": "1.0.0",
      "resolved": "https://registry.npmjs.org/new-array/-/new-array-1.0.0.tgz",
      "integrity": "sha512-K5AyFYbuHZ4e/ti52y7k18q8UHsS78FlRd85w2Fmsd6AkuLipDihPflKC0p3PN5i8II7+uHxo+CtkLiJDfmS5A=="
    },
    "next-power-of-two": {
      "version": "1.0.0",
      "resolved": "https://registry.npmjs.org/next-power-of-two/-/next-power-of-two-1.0.0.tgz",
      "integrity": "sha512-+z6QY1SxkDk6CQJAeaIZKmcNubBCRP7J8DMQUBglz/sSkNsZoJ1kULjqk9skNPPplzs4i9PFhYrvNDdtQleF/A=="
    },
    "pako": {
      "version": "2.1.0",
      "resolved": "https://registry.npmjs.org/pako/-/pako-2.1.0.tgz",
      "integrity": "sha512-w+eufiZ1WuJYgPXbV/PO3NCMEc3xqylkKHzp8bxp1uW4qaSNQUkwmLLEc3kKsfz8lpV1F8Ht3U1Cm+9Srog2ug=="
    },
    "regenerator-runtime": {
      "version": "0.13.11",
      "resolved": "https://registry.npmjs.org/regenerator-runtime/-/regenerator-runtime-0.13.11.tgz",
      "integrity": "sha512-kY1AZVr2Ra+t+piVaJ4gxaFaReZVH40AKNo7UCX6W+dEwBo/2oZJzqfuN1qLq1oL45o56cPaTXELwrTh8Fpggg=="
    },
    "robust-orientation": {
      "version": "1.2.1",
      "resolved": "https://registry.npmjs.org/robust-orientation/-/robust-orientation-1.2.1.tgz",
      "integrity": "sha512-FuTptgKwY6iNuU15nrIJDLjXzCChWB+T4AvksRtwPS/WZ3HuP1CElCm1t+OBfgQKfWbtZIawip+61k7+buRKAg==",
      "requires": {
        "robust-scale": "^1.0.2",
        "robust-subtract": "^1.0.0",
        "robust-sum": "^1.0.0",
        "two-product": "^1.0.2"
      }
    },
    "robust-point-in-polygon": {
      "version": "1.0.3",
      "resolved": "https://registry.npmjs.org/robust-point-in-polygon/-/robust-point-in-polygon-1.0.3.tgz",
      "integrity": "sha512-pPzz7AevOOcPYnFv4Vs5L0C7BKOq6C/TfAw5EUE58CylbjGiPyMjAnPLzzSuPZ2zftUGwWbmLWPOjPOz61tAcA==",
      "requires": {
        "robust-orientation": "^1.0.2"
      }
    },
    "robust-scale": {
      "version": "1.0.2",
      "resolved": "https://registry.npmjs.org/robust-scale/-/robust-scale-1.0.2.tgz",
      "integrity": "sha512-jBR91a/vomMAzazwpsPTPeuTPPmWBacwA+WYGNKcRGSh6xweuQ2ZbjRZ4v792/bZOhRKXRiQH0F48AvuajY0tQ==",
      "requires": {
        "two-product": "^1.0.2",
        "two-sum": "^1.0.0"
      }
    },
    "robust-subtract": {
      "version": "1.0.0",
      "resolved": "https://registry.npmjs.org/robust-subtract/-/robust-subtract-1.0.0.tgz",
      "integrity": "sha512-xhKUno+Rl+trmxAIVwjQMiVdpF5llxytozXJOdoT4eTIqmqsndQqFb1A0oiW3sZGlhMRhOi6pAD4MF1YYW6o/A=="
    },
    "robust-sum": {
      "version": "1.0.0",
      "resolved": "https://registry.npmjs.org/robust-sum/-/robust-sum-1.0.0.tgz",
      "integrity": "sha512-AvLExwpaqUqD1uwLU6MwzzfRdaI6VEZsyvQ3IAQ0ZJ08v1H+DTyqskrf2ZJyh0BDduFVLN7H04Zmc+qTiahhAw=="
    },
    "supports-color": {
      "version": "5.5.0",
      "resolved": "https://registry.npmjs.org/supports-color/-/supports-color-5.5.0.tgz",
      "integrity": "sha512-QjVjwdXIt408MIiAqCX4oUKsgU2EqAGzs2Ppkm4aQYbjm+ZEWEcW4SfFNTr4uMNZma0ey4f5lgLrkB0aX0QMow==",
      "requires": {
        "has-flag": "^3.0.0"
      }
    },
    "tiff": {
      "version": "5.0.3",
      "resolved": "https://registry.npmjs.org/tiff/-/tiff-5.0.3.tgz",
      "integrity": "sha512-R0WckwRGhawWDNdha8iPQCjHyOiaEEmfFjhmalUVCIEELsON7Y/XO3eeGmBkoCXQp0Gg2nmTozN92Z4hlwbsow==",
      "requires": {
        "iobuffer": "^5.0.4",
        "pako": "^2.0.4"
      }
    },
    "two-product": {
      "version": "1.0.2",
      "resolved": "https://registry.npmjs.org/two-product/-/two-product-1.0.2.tgz",
      "integrity": "sha512-vOyrqmeYvzjToVM08iU52OFocWT6eB/I5LUWYnxeAPGXAhAxXYU/Yr/R2uY5/5n4bvJQL9AQulIuxpIsMoT8XQ=="
    },
    "two-sum": {
      "version": "1.0.0",
      "resolved": "https://registry.npmjs.org/two-sum/-/two-sum-1.0.0.tgz",
      "integrity": "sha512-phP48e8AawgsNUjEY2WvoIWqdie8PoiDZGxTDv70LDr01uX5wLEQbOgSP7Z/B6+SW5oLtbe8qaYX2fKJs3CGTw=="
    },
    "web-worker-manager": {
      "version": "0.2.0",
      "resolved": "https://registry.npmjs.org/web-worker-manager/-/web-worker-manager-0.2.0.tgz",
      "integrity": "sha512-WmGabA4GLth1ju9VLm/oMDcPMhMngHoBSdY1OMhrEJvNsPl7z2p+7RBOXjEi5zlP0dK+Shd3Wm+BdD5WZrNYBA=="
    }
  }
}
